
Microsoft Visual Studio Solution File, Format Version 12.00
# Visual Studio Version 16
VisualStudioVersion = 16.0.30611.23
MinimumVisualStudioVersion = 10.0.40219.1
Project("{FAE04EC0-301F-11D3-BF4B-00C04F79EFBC}") = "Homework01", "Homework01\Homework01.csproj", "{A3765DB7-1AE1-40EC-A63A-A39C3F0787A3}"
EndProject
Global
	GlobalSection(SolutionConfigurationPlatforms) = preSolution
		Debug|Any CPU = Debug|Any CPU
		Release|Any CPU = Release|Any CPU
	EndGlobalSection
	GlobalSection(ProjectConfigurationPlatforms) = postSolution
		{A3765DB7-1AE1-40EC-A63A-A39C3F0787A3}.Debug|Any CPU.ActiveCfg = Debug|Any CPU
		{A3765DB7-1AE1-40EC-A63A-A39C3F0787A3}.Debug|Any CPU.Build.0 = Debug|Any CPU
		{A3765DB7-1AE1-40EC-A63A-A39C3F0787A3}.Release|Any CPU.ActiveCfg = Release|Any CPU
		{A3765DB7-1AE1-40EC-A63A-A39C3F0787A3}.Release|Any CPU.Build.0 = Release|Any CPU
	EndGlobalSection
	GlobalSection(SolutionProperties) = preSolution
		HideSolutionNode = FALSE
	EndGlobalSection
	GlobalSection(ExtensibilityGlobals) = postSolution
		SolutionGuid = {E87F1E2D-BEBA-4F15-A446-73949C435EBD}
	EndGlobalSection
EndGlobal
